// !$*UTF8*$!
{
	archiveVersion = 1;
	classes = {
	};
	objectVersion = 50;
	objects = {

/* Begin PBXBuildFile section */
		7D67E0572567441300DDC92A /* StringSub2.swift in Sources */ = {isa = PBXBuildFile; fileRef = 7D67E0432567441300DDC92A /* StringSub2.swift */; };
		7D67E0582567441300DDC92A /* ImageSelection.swift in Sources */ = {isa = PBXBuildFile; fileRef = 7D67E0442567441300DDC92A /* ImageSelection.swift */; };
		7D67E0592567441300DDC92A /* DateInput.swift in Sources */ = {isa = PBXBuildFile; fileRef = 7D67E0452567441300DDC92A /* DateInput.swift */; };
		7D67E05A2567441300DDC92A /* DoubleSub.swift in Sources */ = {isa = PBXBuildFile; fileRef = 7D67E0462567441300DDC92A /* DoubleSub.swift */; };
		7D67E05B2567441300DDC92A /* IntInput.swift in Sources */ = {isa = PBXBuildFile; fileRef = 7D67E0472567441300DDC92A /* IntInput.swift */; };
		7D67E05C2567441300DDC92A /* BoolInput.swift in Sources */ = {isa = PBXBuildFile; fileRef = 7D67E0482567441300DDC92A /* BoolInput.swift */; };
		7D67E05D2567441300DDC92A /* StringInput.swift in Sources */ = {isa = PBXBuildFile; fileRef = 7D67E0492567441300DDC92A /* StringInput.swift */; };
		7D67E05E2567441300DDC92A /* StringSub1.swift in Sources */ = {isa = PBXBuildFile; fileRef = 7D67E04A2567441300DDC92A /* StringSub1.swift */; };
		7D67E05F2567441300DDC92A /* StringTitle.swift in Sources */ = {isa = PBXBuildFile; fileRef = 7D67E04B2567441300DDC92A /* StringTitle.swift */; };
		7D67E0602567441300DDC92A /* SingleSelection.swift in Sources */ = {isa = PBXBuildFile; fileRef = 7D67E04C2567441300DDC92A /* SingleSelection.swift */; };
		7D67E0612567441300DDC92A /* IntSub.swift in Sources */ = {isa = PBXBuildFile; fileRef = 7D67E04D2567441300DDC92A /* IntSub.swift */; };
		7D67E0622567441300DDC92A /* DoubleInput.swift in Sources */ = {isa = PBXBuildFile; fileRef = 7D67E04E2567441300DDC92A /* DoubleInput.swift */; };
		7D67E0632567441300DDC92A /* ColorInput.swift in Sources */ = {isa = PBXBuildFile; fileRef = 7D67E04F2567441300DDC92A /* ColorInput.swift */; };
		7D67E0642567441300DDC92A /* LongStringInput.swift in Sources */ = {isa = PBXBuildFile; fileRef = 7D67E0502567441300DDC92A /* LongStringInput.swift */; };
		7D67E0652567441300DDC92A /* CellTitleView.swift in Sources */ = {isa = PBXBuildFile; fileRef = 7D67E0512567441300DDC92A /* CellTitleView.swift */; };
		7D67E0662567441300DDC92A /* FormVC.xib in Resources */ = {isa = PBXBuildFile; fileRef = 7D67E0522567441300DDC92A /* FormVC.xib */; };
		7D67E0672567441300DDC92A /* FormVC.swift in Sources */ = {isa = PBXBuildFile; fileRef = 7D67E0532567441300DDC92A /* FormVC.swift */; };
		7D67E0682567441300DDC92A /* FormProperties.swift in Sources */ = {isa = PBXBuildFile; fileRef = 7D67E0542567441300DDC92A /* FormProperties.swift */; };
		7D67E0692567441300DDC92A /* extensions.swift in Sources */ = {isa = PBXBuildFile; fileRef = 7D67E0552567441300DDC92A /* extensions.swift */; };
		7D67E06A2567441300DDC92A /* FormView.swift in Sources */ = {isa = PBXBuildFile; fileRef = 7D67E0562567441300DDC92A /* FormView.swift */; };
/* End PBXBuildFile section */

/* Begin PBXContainerItemProxy section */
		7D812C722523845100F174C9 /* PBXContainerItemProxy */ = {
			isa = PBXContainerItemProxy;
			containerPortal = 7D812C532523844E00F174C9 /* Project object */;
			proxyType = 1;
			remoteGlobalIDString = 7D812C5A2523844E00F174C9;
			remoteInfo = FormView;
		};
		7D812C7D2523845100F174C9 /* PBXContainerItemProxy */ = {
			isa = PBXContainerItemProxy;
			containerPortal = 7D812C532523844E00F174C9 /* Project object */;
			proxyType = 1;
			remoteGlobalIDString = 7D812C5A2523844E00F174C9;
			remoteInfo = FormView;
		};
/* End PBXContainerItemProxy section */

/* Begin PBXFileReference section */
		7D67E0432567441300DDC92A /* StringSub2.swift */ = {isa = PBXFileReference; fileEncoding = 4; lastKnownFileType = sourcecode.swift; path = StringSub2.swift; sourceTree = "<group>"; };
		7D67E0442567441300DDC92A /* ImageSelection.swift */ = {isa = PBXFileReference; fileEncoding = 4; lastKnownFileType = sourcecode.swift; path = ImageSelection.swift; sourceTree = "<group>"; };
		7D67E0452567441300DDC92A /* DateInput.swift */ = {isa = PBXFileReference; fileEncoding = 4; lastKnownFileType = sourcecode.swift; path = DateInput.swift; sourceTree = "<group>"; };
		7D67E0462567441300DDC92A /* DoubleSub.swift */ = {isa = PBXFileReference; fileEncoding = 4; lastKnownFileType = sourcecode.swift; path = DoubleSub.swift; sourceTree = "<group>"; };
		7D67E0472567441300DDC92A /* IntInput.swift */ = {isa = PBXFileReference; fileEncoding = 4; lastKnownFileType = sourcecode.swift; path = IntInput.swift; sourceTree = "<group>"; };
		7D67E0482567441300DDC92A /* BoolInput.swift */ = {isa = PBXFileReference; fileEncoding = 4; lastKnownFileType = sourcecode.swift; path = BoolInput.swift; sourceTree = "<group>"; };
		7D67E0492567441300DDC92A /* StringInput.swift */ = {isa = PBXFileReference; fileEncoding = 4; lastKnownFileType = sourcecode.swift; path = StringInput.swift; sourceTree = "<group>"; };
		7D67E04A2567441300DDC92A /* StringSub1.swift */ = {isa = PBXFileReference; fileEncoding = 4; lastKnownFileType = sourcecode.swift; path = StringSub1.swift; sourceTree = "<group>"; };
		7D67E04B2567441300DDC92A /* StringTitle.swift */ = {isa = PBXFileReference; fileEncoding = 4; lastKnownFileType = sourcecode.swift; path = StringTitle.swift; sourceTree = "<group>"; };
		7D67E04C2567441300DDC92A /* SingleSelection.swift */ = {isa = PBXFileReference; fileEncoding = 4; lastKnownFileType = sourcecode.swift; path = SingleSelection.swift; sourceTree = "<group>"; };
		7D67E04D2567441300DDC92A /* IntSub.swift */ = {isa = PBXFileReference; fileEncoding = 4; lastKnownFileType = sourcecode.swift; path = IntSub.swift; sourceTree = "<group>"; };
		7D67E04E2567441300DDC92A /* DoubleInput.swift */ = {isa = PBXFileReference; fileEncoding = 4; lastKnownFileType = sourcecode.swift; path = DoubleInput.swift; sourceTree = "<group>"; };
		7D67E04F2567441300DDC92A /* ColorInput.swift */ = {isa = PBXFileReference; fileEncoding = 4; lastKnownFileType = sourcecode.swift; path = ColorInput.swift; sourceTree = "<group>"; };
		7D67E0502567441300DDC92A /* LongStringInput.swift */ = {isa = PBXFileReference; fileEncoding = 4; lastKnownFileType = sourcecode.swift; path = LongStringInput.swift; sourceTree = "<group>"; };
		7D67E0512567441300DDC92A /* CellTitleView.swift */ = {isa = PBXFileReference; fileEncoding = 4; lastKnownFileType = sourcecode.swift; path = CellTitleView.swift; sourceTree = "<group>"; };
		7D67E0522567441300DDC92A /* FormVC.xib */ = {isa = PBXFileReference; fileEncoding = 4; lastKnownFileType = file.xib; path = FormVC.xib; sourceTree = "<group>"; };
		7D67E0532567441300DDC92A /* FormVC.swift */ = {isa = PBXFileReference; fileEncoding = 4; lastKnownFileType = sourcecode.swift; path = FormVC.swift; sourceTree = "<group>"; };
		7D67E0542567441300DDC92A /* FormProperties.swift */ = {isa = PBXFileReference; fileEncoding = 4; lastKnownFileType = sourcecode.swift; path = FormProperties.swift; sourceTree = "<group>"; };
		7D67E0552567441300DDC92A /* extensions.swift */ = {isa = PBXFileReference; fileEncoding = 4; lastKnownFileType = sourcecode.swift; path = extensions.swift; sourceTree = "<group>"; };
		7D67E0562567441300DDC92A /* FormView.swift */ = {isa = PBXFileReference; fileEncoding = 4; lastKnownFileType = sourcecode.swift; path = FormView.swift; sourceTree = "<group>"; };
		7D812C5B2523844E00F174C9 /* FormView.app */ = {isa = PBXFileReference; explicitFileType = wrapper.application; includeInIndex = 0; path = FormView.app; sourceTree = BUILT_PRODUCTS_DIR; };
		7D812C712523845100F174C9 /* FormViewTests.xctest */ = {isa = PBXFileReference; explicitFileType = wrapper.cfbundle; includeInIndex = 0; path = FormViewTests.xctest; sourceTree = BUILT_PRODUCTS_DIR; };
		7D812C7C2523845100F174C9 /* FormViewUITests.xctest */ = {isa = PBXFileReference; explicitFileType = wrapper.cfbundle; includeInIndex = 0; path = FormViewUITests.xctest; sourceTree = BUILT_PRODUCTS_DIR; };
/* End PBXFileReference section */

/* Begin PBXFrameworksBuildPhase section */
		7D812C582523844E00F174C9 /* Frameworks */ = {
			isa = PBXFrameworksBuildPhase;
			buildActionMask = 2147483647;
			files = (
			);
			runOnlyForDeploymentPostprocessing = 0;
		};
		7D812C6E2523845100F174C9 /* Frameworks */ = {
			isa = PBXFrameworksBuildPhase;
			buildActionMask = 2147483647;
			files = (
			);
			runOnlyForDeploymentPostprocessing = 0;
		};
		7D812C792523845100F174C9 /* Frameworks */ = {
			isa = PBXFrameworksBuildPhase;
			buildActionMask = 2147483647;
			files = (
			);
			runOnlyForDeploymentPostprocessing = 0;
		};
/* End PBXFrameworksBuildPhase section */

/* Begin PBXGroup section */
		7D67E0412567441300DDC92A /* FormView */ = {
			isa = PBXGroup;
			children = (
				7D67E0422567441300DDC92A /* Cells */,
				7D67E0522567441300DDC92A /* FormVC.xib */,
				7D67E0532567441300DDC92A /* FormVC.swift */,
				7D67E0542567441300DDC92A /* FormProperties.swift */,
				7D67E0552567441300DDC92A /* extensions.swift */,
				7D67E0562567441300DDC92A /* FormView.swift */,
			);
			path = FormView;
			sourceTree = "<group>";
		};
		7D67E0422567441300DDC92A /* Cells */ = {
			isa = PBXGroup;
			children = (
				7D67E0432567441300DDC92A /* StringSub2.swift */,
				7D67E0442567441300DDC92A /* ImageSelection.swift */,
				7D67E0452567441300DDC92A /* DateInput.swift */,
				7D67E0462567441300DDC92A /* DoubleSub.swift */,
				7D67E0472567441300DDC92A /* IntInput.swift */,
				7D67E0482567441300DDC92A /* BoolInput.swift */,
				7D67E0492567441300DDC92A /* StringInput.swift */,
				7D67E04A2567441300DDC92A /* StringSub1.swift */,
				7D67E04B2567441300DDC92A /* StringTitle.swift */,
				7D67E04C2567441300DDC92A /* SingleSelection.swift */,
				7D67E04D2567441300DDC92A /* IntSub.swift */,
				7D67E04E2567441300DDC92A /* DoubleInput.swift */,
				7D67E04F2567441300DDC92A /* ColorInput.swift */,
				7D67E0502567441300DDC92A /* LongStringInput.swift */,
				7D67E0512567441300DDC92A /* CellTitleView.swift */,
			);
			path = Cells;
			sourceTree = "<group>";
		};
		7D812C522523844E00F174C9 = {
			isa = PBXGroup;
			children = (
				7D812C5D2523844E00F174C9 /* FormView */,
				7D812C5C2523844E00F174C9 /* Products */,
			);
			sourceTree = "<group>";
		};
		7D812C5C2523844E00F174C9 /* Products */ = {
			isa = PBXGroup;
			children = (
				7D812C5B2523844E00F174C9 /* FormView.app */,
				7D812C712523845100F174C9 /* FormViewTests.xctest */,
				7D812C7C2523845100F174C9 /* FormViewUITests.xctest */,
			);
			name = Products;
			sourceTree = "<group>";
		};
		7D812C5D2523844E00F174C9 /* FormView */ = {
			isa = PBXGroup;
			children = (
				7D67E0412567441300DDC92A /* FormView */,
			);
			path = FormView;
			sourceTree = "<group>";
		};
/* End PBXGroup section */

/* Begin PBXNativeTarget section */
		7D812C5A2523844E00F174C9 /* FormView */ = {
			isa = PBXNativeTarget;
			buildConfigurationList = 7D812C852523845100F174C9 /* Build configuration list for PBXNativeTarget "FormView" */;
			buildPhases = (
				7D812C572523844E00F174C9 /* Sources */,
				7D812C582523844E00F174C9 /* Frameworks */,
				7D812C592523844E00F174C9 /* Resources */,
			);
			buildRules = (
			);
			dependencies = (
			);
			name = FormView;
			productName = FormView;
			productReference = 7D812C5B2523844E00F174C9 /* FormView.app */;
			productType = "com.apple.product-type.application";
		};
		7D812C702523845100F174C9 /* FormViewTests */ = {
			isa = PBXNativeTarget;
			buildConfigurationList = 7D812C882523845100F174C9 /* Build configuration list for PBXNativeTarget "FormViewTests" */;
			buildPhases = (
				7D812C6D2523845100F174C9 /* Sources */,
				7D812C6E2523845100F174C9 /* Frameworks */,
				7D812C6F2523845100F174C9 /* Resources */,
			);
			buildRules = (
			);
			dependencies = (
				7D812C732523845100F174C9 /* PBXTargetDependency */,
			);
			name = FormViewTests;
			productName = FormViewTests;
			productReference = 7D812C712523845100F174C9 /* FormViewTests.xctest */;
			productType = "com.apple.product-type.bundle.unit-test";
		};
		7D812C7B2523845100F174C9 /* FormViewUITests */ = {
			isa = PBXNativeTarget;
			buildConfigurationList = 7D812C8B2523845100F174C9 /* Build configuration list for PBXNativeTarget "FormViewUITests" */;
			buildPhases = (
				7D812C782523845100F174C9 /* Sources */,
				7D812C792523845100F174C9 /* Frameworks */,
				7D812C7A2523845100F174C9 /* Resources */,
			);
			buildRules = (
			);
			dependencies = (
				7D812C7E2523845100F174C9 /* PBXTargetDependency */,
			);
			name = FormViewUITests;
			productName = FormViewUITests;
			productReference = 7D812C7C2523845100F174C9 /* FormViewUITests.xctest */;
			productType = "com.apple.product-type.bundle.ui-testing";
		};
/* End PBXNativeTarget section */

/* Begin PBXProject section */
		7D812C532523844E00F174C9 /* Project object */ = {
			isa = PBXProject;
			attributes = {
				LastSwiftUpdateCheck = 1200;
				LastUpgradeCheck = 1200;
				TargetAttributes = {
					7D812C5A2523844E00F174C9 = {
						CreatedOnToolsVersion = 12.0;
					};
					7D812C702523845100F174C9 = {
						CreatedOnToolsVersion = 12.0;
						TestTargetID = 7D812C5A2523844E00F174C9;
					};
					7D812C7B2523845100F174C9 = {
						CreatedOnToolsVersion = 12.0;
						TestTargetID = 7D812C5A2523844E00F174C9;
					};
				};
			};
			buildConfigurationList = 7D812C562523844E00F174C9 /* Build configuration list for PBXProject "FormView" */;
			compatibilityVersion = "Xcode 9.3";
			developmentRegion = en;
			hasScannedForEncodings = 0;
			knownRegions = (
				en,
				Base,
			);
			mainGroup = 7D812C522523844E00F174C9;
			productRefGroup = 7D812C5C2523844E00F174C9 /* Products */;
			projectDirPath = "";
			projectRoot = "";
			targets = (
				7D812C5A2523844E00F174C9 /* FormView */,
				7D812C702523845100F174C9 /* FormViewTests */,
				7D812C7B2523845100F174C9 /* FormViewUITests */,
			);
		};
/* End PBXProject section */

/* Begin PBXResourcesBuildPhase section */
		7D812C592523844E00F174C9 /* Resources */ = {
			isa = PBXResourcesBuildPhase;
			buildActionMask = 2147483647;
			files = (
				7D67E0662567441300DDC92A /* FormVC.xib in Resources */,
			);
			runOnlyForDeploymentPostprocessing = 0;
		};
		7D812C6F2523845100F174C9 /* Resources */ = {
			isa = PBXResourcesBuildPhase;
			buildActionMask = 2147483647;
			files = (
			);
			runOnlyForDeploymentPostprocessing = 0;
		};
		7D812C7A2523845100F174C9 /* Resources */ = {
			isa = PBXResourcesBuildPhase;
			buildActionMask = 2147483647;
			files = (
			);
			runOnlyForDeploymentPostprocessing = 0;
		};
/* End PBXResourcesBuildPhase section */

/* Begin PBXSourcesBuildPhase section */
		7D812C572523844E00F174C9 /* Sources */ = {
			isa = PBXSourcesBuildPhase;
			buildActionMask = 2147483647;
			files = (
				7D67E05D2567441300DDC92A /* StringInput.swift in Sources */,
				7D67E05E2567441300DDC92A /* StringSub1.swift in Sources */,
				7D67E05B2567441300DDC92A /* IntInput.swift in Sources */,
				7D67E0632567441300DDC92A /* ColorInput.swift in Sources */,
				7D67E0582567441300DDC92A /* ImageSelection.swift in Sources */,
				7D67E0652567441300DDC92A /* CellTitleView.swift in Sources */,
				7D67E0602567441300DDC92A /* SingleSelection.swift in Sources */,
				7D67E0672567441300DDC92A /* FormVC.swift in Sources */,
				7D67E06A2567441300DDC92A /* FormView.swift in Sources */,
				7D67E0642567441300DDC92A /* LongStringInput.swift in Sources */,
				7D67E0622567441300DDC92A /* DoubleInput.swift in Sources */,
				7D67E05A2567441300DDC92A /* DoubleSub.swift in Sources */,
				7D67E0612567441300DDC92A /* IntSub.swift in Sources */,
				7D67E05F2567441300DDC92A /* StringTitle.swift in Sources */,
				7D67E0692567441300DDC92A /* extensions.swift in Sources */,
				7D67E0592567441300DDC92A /* DateInput.swift in Sources */,
				7D67E05C2567441300DDC92A /* BoolInput.swift in Sources */,
				7D67E0682567441300DDC92A /* FormProperties.swift in Sources */,
				7D67E0572567441300DDC92A /* StringSub2.swift in Sources */,
			);
			runOnlyForDeploymentPostprocessing = 0;
		};
		7D812C6D2523845100F174C9 /* Sources */ = {
			isa = PBXSourcesBuildPhase;
			buildActionMask = 2147483647;
			files = (
			);
			runOnlyForDeploymentPostprocessing = 0;
		};
		7D812C782523845100F174C9 /* Sources */ = {
			isa = PBXSourcesBuildPhase;
			buildActionMask = 2147483647;
			files = (
			);
			runOnlyForDeploymentPostprocessing = 0;
		};
/* End PBXSourcesBuildPhase section */

/* Begin PBXTargetDependency section */
		7D812C732523845100F174C9 /* PBXTargetDependency */ = {
			isa = PBXTargetDependency;
			target = 7D812C5A2523844E00F174C9 /* FormView */;
			targetProxy = 7D812C722523845100F174C9 /* PBXContainerItemProxy */;
		};
		7D812C7E2523845100F174C9 /* PBXTargetDependency */ = {
			isa = PBXTargetDependency;
			target = 7D812C5A2523844E00F174C9 /* FormView */;
			targetProxy = 7D812C7D2523845100F174C9 /* PBXContainerItemProxy */;
		};
/* End PBXTargetDependency section */

/* Begin XCBuildConfiguration section */
		7D812C832523845100F174C9 /* Debug */ = {
			isa = XCBuildConfiguration;
			buildSettings = {
				ALWAYS_SEARCH_USER_PATHS = NO;
				CLANG_ANALYZER_NONNULL = YES;
				CLANG_ANALYZER_NUMBER_OBJECT_CONVERSION = YES_AGGRESSIVE;
				CLANG_CXX_LANGUAGE_STANDARD = "gnu++14";
				CLANG_CXX_LIBRARY = "libc++";
				CLANG_ENABLE_MODULES = YES;
				CLANG_ENABLE_OBJC_ARC = YES;
				CLANG_ENABLE_OBJC_WEAK = YES;
				CLANG_WARN_BLOCK_CAPTURE_AUTORELEASING = YES;
				CLANG_WARN_BOOL_CONVERSION = YES;
				CLANG_WARN_COMMA = YES;
				CLANG_WARN_CONSTANT_CONVERSION = YES;
				CLANG_WARN_DEPRECATED_OBJC_IMPLEMENTATIONS = YES;
				CLANG_WARN_DIRECT_OBJC_ISA_USAGE = YES_ERROR;
				CLANG_WARN_DOCUMENTATION_COMMENTS = YES;
				CLANG_WARN_EMPTY_BODY = YES;
				CLANG_WARN_ENUM_CONVERSION = YES;
				CLANG_WARN_INFINITE_RECURSION = YES;
				CLANG_WARN_INT_CONVERSION = YES;
				CLANG_WARN_NON_LITERAL_NULL_CONVERSION = YES;
				CLANG_WARN_OBJC_IMPLICIT_RETAIN_SELF = YES;
				CLANG_WARN_OBJC_LITERAL_CONVERSION = YES;
				CLANG_WARN_OBJC_ROOT_CLASS = YES_ERROR;
				CLANG_WARN_QUOTED_INCLUDE_IN_FRAMEWORK_HEADER = YES;
				CLANG_WARN_RANGE_LOOP_ANALYSIS = YES;
				CLANG_WARN_STRICT_PROTOTYPES = YES;
				CLANG_WARN_SUSPICIOUS_MOVE = YES;
				CLANG_WARN_UNGUARDED_AVAILABILITY = YES_AGGRESSIVE;
				CLANG_WARN_UNREACHABLE_CODE = YES;
				CLANG_WARN__DUPLICATE_METHOD_MATCH = YES;
				COPY_PHASE_STRIP = NO;
				DEBUG_INFORMATION_FORMAT = dwarf;
				ENABLE_STRICT_OBJC_MSGSEND = YES;
				ENABLE_TESTABILITY = YES;
				GCC_C_LANGUAGE_STANDARD = gnu11;
				GCC_DYNAMIC_NO_PIC = NO;
				GCC_NO_COMMON_BLOCKS = YES;
				GCC_OPTIMIZATION_LEVEL = 0;
				GCC_PREPROCESSOR_DEFINITIONS = (
					"DEBUG=1",
					"$(inherited)",
				);
				GCC_WARN_64_TO_32_BIT_CONVERSION = YES;
				GCC_WARN_ABOUT_RETURN_TYPE = YES_ERROR;
				GCC_WARN_UNDECLARED_SELECTOR = YES;
				GCC_WARN_UNINITIALIZED_AUTOS = YES_AGGRESSIVE;
				GCC_WARN_UNUSED_FUNCTION = YES;
				GCC_WARN_UNUSED_VARIABLE = YES;
				IPHONEOS_DEPLOYMENT_TARGET = 14.0;
				MTL_ENABLE_DEBUG_INFO = INCLUDE_SOURCE;
				MTL_FAST_MATH = YES;
				ONLY_ACTIVE_ARCH = YES;
				SDKROOT = iphoneos;
				SWIFT_ACTIVE_COMPILATION_CONDITIONS = DEBUG;
				SWIFT_OPTIMIZATION_LEVEL = "-Onone";
			};
			name = Debug;
		};
		7D812C842523845100F174C9 /* Release */ = {
			isa = XCBuildConfiguration;
			buildSettings = {
				ALWAYS_SEARCH_USER_PATHS = NO;
				CLANG_ANALYZER_NONNULL = YES;
				CLANG_ANALYZER_NUMBER_OBJECT_CONVERSION = YES_AGGRESSIVE;
				CLANG_CXX_LANGUAGE_STANDARD = "gnu++14";
				CLANG_CXX_LIBRARY = "libc++";
				CLANG_ENABLE_MODULES = YES;
				CLANG_ENABLE_OBJC_ARC = YES;
				CLANG_ENABLE_OBJC_WEAK = YES;
				CLANG_WARN_BLOCK_CAPTURE_AUTORELEASING = YES;
				CLANG_WARN_BOOL_CONVERSION = YES;
				CLANG_WARN_COMMA = YES;
				CLANG_WARN_CONSTANT_CONVERSION = YES;
				CLANG_WARN_DEPRECATED_OBJC_IMPLEMENTATIONS = YES;
				CLANG_WARN_DIRECT_OBJC_ISA_USAGE = YES_ERROR;
				CLANG_WARN_DOCUMENTATION_COMMENTS = YES;
				CLANG_WARN_EMPTY_BODY = YES;
				CLANG_WARN_ENUM_CONVERSION = YES;
				CLANG_WARN_INFINITE_RECURSION = YES;
				CLANG_WARN_INT_CONVERSION = YES;
				CLANG_WARN_NON_LITERAL_NULL_CONVERSION = YES;
				CLANG_WARN_OBJC_IMPLICIT_RETAIN_SELF = YES;
				CLANG_WARN_OBJC_LITERAL_CONVERSION = YES;
				CLANG_WARN_OBJC_ROOT_CLASS = YES_ERROR;
				CLANG_WARN_QUOTED_INCLUDE_IN_FRAMEWORK_HEADER = YES;
				CLANG_WARN_RANGE_LOOP_ANALYSIS = YES;
				CLANG_WARN_STRICT_PROTOTYPES = YES;
				CLANG_WARN_SUSPICIOUS_MOVE = YES;
				CLANG_WARN_UNGUARDED_AVAILABILITY = YES_AGGRESSIVE;
				CLANG_WARN_UNREACHABLE_CODE = YES;
				CLANG_WARN__DUPLICATE_METHOD_MATCH = YES;
				COPY_PHASE_STRIP = NO;
				DEBUG_INFORMATION_FORMAT = "dwarf-with-dsym";
				ENABLE_NS_ASSERTIONS = NO;
				ENABLE_STRICT_OBJC_MSGSEND = YES;
				GCC_C_LANGUAGE_STANDARD = gnu11;
				GCC_NO_COMMON_BLOCKS = YES;
				GCC_WARN_64_TO_32_BIT_CONVERSION = YES;
				GCC_WARN_ABOUT_RETURN_TYPE = YES_ERROR;
				GCC_WARN_UNDECLARED_SELECTOR = YES;
				GCC_WARN_UNINITIALIZED_AUTOS = YES_AGGRESSIVE;
				GCC_WARN_UNUSED_FUNCTION = YES;
				GCC_WARN_UNUSED_VARIABLE = YES;
				IPHONEOS_DEPLOYMENT_TARGET = 14.0;
				MTL_ENABLE_DEBUG_INFO = NO;
				MTL_FAST_MATH = YES;
				SDKROOT = iphoneos;
				SWIFT_COMPILATION_MODE = wholemodule;
				SWIFT_OPTIMIZATION_LEVEL = "-O";
				VALIDATE_PRODUCT = YES;
			};
			name = Release;
		};
		7D812C862523845100F174C9 /* Debug */ = {
			isa = XCBuildConfiguration;
			buildSettings = {
				ASSETCATALOG_COMPILER_APPICON_NAME = AppIcon;
				ASSETCATALOG_COMPILER_GLOBAL_ACCENT_COLOR_NAME = AccentColor;
				CODE_SIGN_STYLE = Automatic;
				DEVELOPMENT_TEAM = 26VASZ3327;
				INFOPLIST_FILE = FormView/Info.plist;
				IPHONEOS_DEPLOYMENT_TARGET = 14.0;
				LD_RUNPATH_SEARCH_PATHS = (
					"$(inherited)",
					"@executable_path/Frameworks",
				);
				PRODUCT_BUNDLE_IDENTIFIER = com.jacob.hanna.hanna.FormView;
				PRODUCT_NAME = "$(TARGET_NAME)";
				SWIFT_VERSION = 5.0;
				TARGETED_DEVICE_FAMILY = "1,2";
			};
			name = Debug;
		};
		7D812C872523845100F174C9 /* Release */ = {
			isa = XCBuildConfiguration;
			buildSettings = {
				ASSETCATALOG_COMPILER_APPICON_NAME = AppIcon;
				ASSETCATALOG_COMPILER_GLOBAL_ACCENT_COLOR_NAME = AccentColor;
				CODE_SIGN_STYLE = Automatic;
				DEVELOPMENT_TEAM = 26VASZ3327;
				INFOPLIST_FILE = FormView/Info.plist;
				IPHONEOS_DEPLOYMENT_TARGET = 14.0;
				LD_RUNPATH_SEARCH_PATHS = (
					"$(inherited)",
					"@executable_path/Frameworks",
				);
				PRODUCT_BUNDLE_IDENTIFIER = com.jacob.hanna.hanna.FormView;
				PRODUCT_NAME = "$(TARGET_NAME)";
				SWIFT_VERSION = 5.0;
				TARGETED_DEVICE_FAMILY = "1,2";
			};
			name = Release;
		};
		7D812C892523845100F174C9 /* Debug */ = {
			isa = XCBuildConfiguration;
			buildSettings = {
				ALWAYS_EMBED_SWIFT_STANDARD_LIBRARIES = YES;
				BUNDLE_LOADER = "$(TEST_HOST)";
				CODE_SIGN_STYLE = Automatic;
				DEVELOPMENT_TEAM = 26VASZ3327;
				INFOPLIST_FILE = FormViewTests/Info.plist;
				IPHONEOS_DEPLOYMENT_TARGET = 14.0;
				LD_RUNPATH_SEARCH_PATHS = (
					"$(inherited)",
					"@executable_path/Frameworks",
					"@loader_path/Frameworks",
				);
				PRODUCT_BUNDLE_IDENTIFIER = com.jacob.hanna.hanna.FormViewTests;
				PRODUCT_NAME = "$(TARGET_NAME)";
				SWIFT_VERSION = 5.0;
				TARGETED_DEVICE_FAMILY = "1,2";
				TEST_HOST = "$(BUILT_PRODUCTS_DIR)/FormView.app/FormView";
			};
			name = Debug;
		};
		7D812C8A2523845100F174C9 /* Release */ = {
			isa = XCBuildConfiguration;
			buildSettings = {
				ALWAYS_EMBED_SWIFT_STANDARD_LIBRARIES = YES;
				BUNDLE_LOADER = "$(TEST_HOST)";
				CODE_SIGN_STYLE = Automatic;
				DEVELOPMENT_TEAM = 26VASZ3327;
				INFOPLIST_FILE = FormViewTests/Info.plist;
				IPHONEOS_DEPLOYMENT_TARGET = 14.0;
				LD_RUNPATH_SEARCH_PATHS = (
					"$(inherited)",
					"@executable_path/Frameworks",
					"@loader_path/Frameworks",
				);
				PRODUCT_BUNDLE_IDENTIFIER = com.jacob.hanna.hanna.FormViewTests;
				PRODUCT_NAME = "$(TARGET_NAME)";
				SWIFT_VERSION = 5.0;
				TARGETED_DEVICE_FAMILY = "1,2";
				TEST_HOST = "$(BUILT_PRODUCTS_DIR)/FormView.app/FormView";
			};
			name = Release;
		};
		7D812C8C2523845100F174C9 /* Debug */ = {
			isa = XCBuildConfiguration;
			buildSettings = {
				ALWAYS_EMBED_SWIFT_STANDARD_LIBRARIES = YES;
				CODE_SIGN_STYLE = Automatic;
				DEVELOPMENT_TEAM = 26VASZ3327;
				INFOPLIST_FILE = FormViewUITests/Info.plist;
				LD_RUNPATH_SEARCH_PATHS = (
					"$(inherited)",
					"@executable_path/Frameworks",
					"@loader_path/Frameworks",
				);
				PRODUCT_BUNDLE_IDENTIFIER = com.jacob.hanna.hanna.FormViewUITests;
				PRODUCT_NAME = "$(TARGET_NAME)";
				SWIFT_VERSION = 5.0;
				TARGETED_DEVICE_FAMILY = "1,2";
				TEST_TARGET_NAME = FormView;
			};
			name = Debug;
		};
		7D812C8D2523845100F174C9 /* Release */ = {
			isa = XCBuildConfiguration;
			buildSettings = {
				ALWAYS_EMBED_SWIFT_STANDARD_LIBRARIES = YES;
				CODE_SIGN_STYLE = Automatic;
				DEVELOPMENT_TEAM = 26VASZ3327;
				INFOPLIST_FILE = FormViewUITests/Info.plist;
				LD_RUNPATH_SEARCH_PATHS = (
					"$(inherited)",
					"@executable_path/Frameworks",
					"@loader_path/Frameworks",
				);
				PRODUCT_BUNDLE_IDENTIFIER = com.jacob.hanna.hanna.FormViewUITests;
				PRODUCT_NAME = "$(TARGET_NAME)";
				SWIFT_VERSION = 5.0;
				TARGETED_DEVICE_FAMILY = "1,2";
				TEST_TARGET_NAME = FormView;
			};
			name = Release;
		};
/* End XCBuildConfiguration section */

/* Begin XCConfigurationList section */
		7D812C562523844E00F174C9 /* Build configuration list for PBXProject "FormView" */ = {
			isa = XCConfigurationList;
			buildConfigurations = (
				7D812C832523845100F174C9 /* Debug */,
				7D812C842523845100F174C9 /* Release */,
			);
			defaultConfigurationIsVisible = 0;
			defaultConfigurationName = Release;
		};
		7D812C852523845100F174C9 /* Build configuration list for PBXNativeTarget "FormView" */ = {
			isa = XCConfigurationList;
			buildConfigurations = (
				7D812C862523845100F174C9 /* Debug */,
				7D812C872523845100F174C9 /* Release */,
			);
			defaultConfigurationIsVisible = 0;
			defaultConfigurationName = Release;
		};
		7D812C882523845100F174C9 /* Build configuration list for PBXNativeTarget "FormViewTests" */ = {
			isa = XCConfigurationList;
			buildConfigurations = (
				7D812C892523845100F174C9 /* Debug */,
				7D812C8A2523845100F174C9 /* Release */,
			);
			defaultConfigurationIsVisible = 0;
			defaultConfigurationName = Release;
		};
		7D812C8B2523845100F174C9 /* Build configuration list for PBXNativeTarget "FormViewUITests" */ = {
			isa = XCConfigurationList;
			buildConfigurations = (
				7D812C8C2523845100F174C9 /* Debug */,
				7D812C8D2523845100F174C9 /* Release */,
			);
			defaultConfigurationIsVisible = 0;
			defaultConfigurationName = Release;
		};
/* End XCConfigurationList section */
	};
	rootObject = 7D812C532523844E00F174C9 /* Project object */;
}
